<?xml version="1.0" encoding="utf-8"?>
<Project ToolsVersion="4.0" xmlns="http://schemas.microsoft.com/developer/msbuild/2003">
  <ItemGroup>
    <Filter Include="Source Files">
      <UniqueIdentifier>{4FC737F1-C7A5-4376-A066-2A32D752A2FF}</UniqueIdentifier>
      <Extensions>cpp;c;cc;cxx;c++;cppm;ixx;def;odl;idl;hpj;bat;asm;asmx</Extensions>
    </Filter>
    <Filter Include="mem">
      <UniqueIdentifier>{7040ccb4-d0e7-4b55-94a1-70ad7d663c91}</UniqueIdentifier>
    </Filter>
    <Filter Include="pch">
      <UniqueIdentifier>{dc07a158-b508-4a78-ac4e-bb3fa7952498}</UniqueIdentifier>
    </Filter>
    <Filter Include="offsets">
      <UniqueIdentifier>{1c2f92b2-ce33-4a08-9a04-6a8004140719}</UniqueIdentifier>
    </Filter>
  </ItemGroup>
  <ItemGroup>
    <ClInclude Include="src\pch.h">
      <Filter>pch</Filter>
    </ClInclude>
    <ClInclude Include="src\mem.h">
      <Filter>mem</Filter>
    </ClInclude>
    <ClInclude Include="src\framework.h">
      <Filter>pch</Filter>
    </ClInclude>
    <ClInclude Include="src\offsets.h">
      <Filter>offsets</Filter>
    </ClInclude>
    <ClInclude Include="src\toggle.h">
      <Filter>offsets</Filter>
    </ClInclude>
  </ItemGroup>
  <ItemGroup>
    <ClCompile Include="src\dllmain.cpp">
      <Filter>Source Files</Filter>
    </ClCompile>
    <ClCompile Include="src\pch.cpp">
      <Filter>pch</Filter>
    </ClCompile>
    <ClCompile Include="src\mem.cpp">
      <Filter>mem</Filter>
    </ClCompile>
  </ItemGroup>
</Project>